
Microsoft Visual Studio Solution File, Format Version 12.00
# Visual Studio Version 17
VisualStudioVersion = 17.0.31919.166
MinimumVisualStudioVersion = 10.0.40219.1
Project("{9A19103F-16F7-4668-BE54-9A1E7A4F7556}") = "restaurant-system", "restaurant-system\restaurant-system.csproj", "{58FDDD82-E38F-45D3-B415-0DF6FC9A228F}"
EndProject
Project("{E53339B2-1760-4266-BCC7-CA923CBCF16C}") = "docker-compose", "docker-compose.dcproj", "{75C589D9-DB55-4048-AB3D-943C2450CED3}"
EndProject
Global
	GlobalSection(SolutionConfigurationPlatforms) = preSolution
		Debug|Any CPU = Debug|Any CPU
		Release|Any CPU = Release|Any CPU
	EndGlobalSection
	GlobalSection(ProjectConfigurationPlatforms) = postSolution
		{58FDDD82-E38F-45D3-B415-0DF6FC9A228F}.Debug|Any CPU.ActiveCfg = Debug|Any CPU
		{58FDDD82-E38F-45D3-B415-0DF6FC9A228F}.Debug|Any CPU.Build.0 = Debug|Any CPU
		{58FDDD82-E38F-45D3-B415-0DF6FC9A228F}.Release|Any CPU.ActiveCfg = Release|Any CPU
		{58FDDD82-E38F-45D3-B415-0DF6FC9A228F}.Release|Any CPU.Build.0 = Release|Any CPU
		{75C589D9-DB55-4048-AB3D-943C2450CED3}.Debug|Any CPU.ActiveCfg = Debug|Any CPU
		{75C589D9-DB55-4048-AB3D-943C2450CED3}.Debug|Any CPU.Build.0 = Debug|Any CPU
		{75C589D9-DB55-4048-AB3D-943C2450CED3}.Release|Any CPU.ActiveCfg = Release|Any CPU
		{75C589D9-DB55-4048-AB3D-943C2450CED3}.Release|Any CPU.Build.0 = Release|Any CPU
	EndGlobalSection
	GlobalSection(SolutionProperties) = preSolution
		HideSolutionNode = FALSE
	EndGlobalSection
	GlobalSection(ExtensibilityGlobals) = postSolution
		SolutionGuid = {8151A143-3D76-4922-BF91-873C6482A983}
	EndGlobalSection
EndGlobal
